
Microsoft Visual Studio Solution File, Format Version 12.00
# Visual Studio Version 16
VisualStudioVersion = 16.0.34301.259
MinimumVisualStudioVersion = 10.0.40219.1
Project("{8BC9CEB8-8B4A-11D0-8D11-00A0C91BC942}") = "d3d12_course", "d3d12_course\d3d12_course.vcxproj", "{9DBCE903-8104-4A97-B4DF-978F7FB6EDC2}"
EndProject
Project("{8BC9CEB8-8B4A-11D0-8D11-00A0C91BC942}") = "basic_course", "basic_course\basic_course.vcxproj", "{987A4166-CC91-4B1E-88A8-9D5DE0028804}"
EndProject
Global
	GlobalSection(SolutionConfigurationPlatforms) = preSolution
		Debug|x64 = Debug|x64
		Debug|x86 = Debug|x86
		Release|x64 = Release|x64
		Release|x86 = Release|x86
	EndGlobalSection
	GlobalSection(ProjectConfigurationPlatforms) = postSolution
		{9DBCE903-8104-4A97-B4DF-978F7FB6EDC2}.Debug|x64.ActiveCfg = Debug|x64
		{9DBCE903-8104-4A97-B4DF-978F7FB6EDC2}.Debug|x64.Build.0 = Debug|x64
		{9DBCE903-8104-4A97-B4DF-978F7FB6EDC2}.Debug|x86.ActiveCfg = Debug|Win32
		{9DBCE903-8104-4A97-B4DF-978F7FB6EDC2}.Debug|x86.Build.0 = Debug|Win32
		{9DBCE903-8104-4A97-B4DF-978F7FB6EDC2}.Release|x64.ActiveCfg = Release|x64
		{9DBCE903-8104-4A97-B4DF-978F7FB6EDC2}.Release|x64.Build.0 = Release|x64
		{9DBCE903-8104-4A97-B4DF-978F7FB6EDC2}.Release|x86.ActiveCfg = Release|Win32
		{9DBCE903-8104-4A97-B4DF-978F7FB6EDC2}.Release|x86.Build.0 = Release|Win32
		{987A4166-CC91-4B1E-88A8-9D5DE0028804}.Debug|x64.ActiveCfg = Debug|x64
		{987A4166-CC91-4B1E-88A8-9D5DE0028804}.Debug|x64.Build.0 = Debug|x64
		{987A4166-CC91-4B1E-88A8-9D5DE0028804}.Debug|x86.ActiveCfg = Debug|Win32
		{987A4166-CC91-4B1E-88A8-9D5DE0028804}.Debug|x86.Build.0 = Debug|Win32
		{987A4166-CC91-4B1E-88A8-9D5DE0028804}.Release|x64.ActiveCfg = Release|x64
		{987A4166-CC91-4B1E-88A8-9D5DE0028804}.Release|x64.Build.0 = Release|x64
		{987A4166-CC91-4B1E-88A8-9D5DE0028804}.Release|x86.ActiveCfg = Release|Win32
		{987A4166-CC91-4B1E-88A8-9D5DE0028804}.Release|x86.Build.0 = Release|Win32
	EndGlobalSection
	GlobalSection(SolutionProperties) = preSolution
		HideSolutionNode = FALSE
	EndGlobalSection
	GlobalSection(ExtensibilityGlobals) = postSolution
		SolutionGuid = {9A69443A-4076-4BAE-BC1A-548EEEE8853B}
	EndGlobalSection
EndGlobal
